
Microsoft Visual Studio Solution File, Format Version 12.00
# Visual Studio Version 17
VisualStudioVersion = 17.7.34031.279
MinimumVisualStudioVersion = 10.0.40219.1
Project("{FAE04EC0-301F-11D3-BF4B-00C04F79EFBC}") = "Oef06_02", "Oef06_02\Oef06_02.csproj", "{16EC6076-88D3-47BB-A3C5-07FA95C9B31B}"
EndProject
Global
	GlobalSection(SolutionConfigurationPlatforms) = preSolution
		Debug|Any CPU = Debug|Any CPU
		Release|Any CPU = Release|Any CPU
	EndGlobalSection
	GlobalSection(ProjectConfigurationPlatforms) = postSolution
		{16EC6076-88D3-47BB-A3C5-07FA95C9B31B}.Debug|Any CPU.ActiveCfg = Debug|Any CPU
		{16EC6076-88D3-47BB-A3C5-07FA95C9B31B}.Debug|Any CPU.Build.0 = Debug|Any CPU
		{16EC6076-88D3-47BB-A3C5-07FA95C9B31B}.Release|Any CPU.ActiveCfg = Release|Any CPU
		{16EC6076-88D3-47BB-A3C5-07FA95C9B31B}.Release|Any CPU.Build.0 = Release|Any CPU
	EndGlobalSection
	GlobalSection(SolutionProperties) = preSolution
		HideSolutionNode = FALSE
	EndGlobalSection
	GlobalSection(ExtensibilityGlobals) = postSolution
		SolutionGuid = {3EB21522-36D2-4FB6-95E8-7B7247A6EEF4}
	EndGlobalSection
EndGlobal
