
Microsoft Visual Studio Solution File, Format Version 12.00
# Visual Studio Version 17
VisualStudioVersion = 17.7.34031.279
MinimumVisualStudioVersion = 10.0.40219.1
Project("{FAE04EC0-301F-11D3-BF4B-00C04F79EFBC}") = "Oef09_03", "Oef09_03\Oef09_03.csproj", "{247AE989-0F0C-4CF5-BD56-4C3217B216F0}"
EndProject
Global
	GlobalSection(SolutionConfigurationPlatforms) = preSolution
		Debug|Any CPU = Debug|Any CPU
		Release|Any CPU = Release|Any CPU
	EndGlobalSection
	GlobalSection(ProjectConfigurationPlatforms) = postSolution
		{247AE989-0F0C-4CF5-BD56-4C3217B216F0}.Debug|Any CPU.ActiveCfg = Debug|Any CPU
		{247AE989-0F0C-4CF5-BD56-4C3217B216F0}.Debug|Any CPU.Build.0 = Debug|Any CPU
		{247AE989-0F0C-4CF5-BD56-4C3217B216F0}.Release|Any CPU.ActiveCfg = Release|Any CPU
		{247AE989-0F0C-4CF5-BD56-4C3217B216F0}.Release|Any CPU.Build.0 = Release|Any CPU
	EndGlobalSection
	GlobalSection(SolutionProperties) = preSolution
		HideSolutionNode = FALSE
	EndGlobalSection
	GlobalSection(ExtensibilityGlobals) = postSolution
		SolutionGuid = {CB68BF22-6AFE-4573-86A6-821AE41293D2}
	EndGlobalSection
EndGlobal
