
Microsoft Visual Studio Solution File, Format Version 12.00
# Visual Studio Version 17
VisualStudioVersion = 17.7.34031.279
MinimumVisualStudioVersion = 10.0.40219.1
Project("{FAE04EC0-301F-11D3-BF4B-00C04F79EFBC}") = "Oef02_05", "Oef02_05\Oef02_05.csproj", "{ECE84367-573B-4BF2-8A74-35AACA96B233}"
EndProject
Global
	GlobalSection(SolutionConfigurationPlatforms) = preSolution
		Debug|Any CPU = Debug|Any CPU
		Release|Any CPU = Release|Any CPU
	EndGlobalSection
	GlobalSection(ProjectConfigurationPlatforms) = postSolution
		{ECE84367-573B-4BF2-8A74-35AACA96B233}.Debug|Any CPU.ActiveCfg = Debug|Any CPU
		{ECE84367-573B-4BF2-8A74-35AACA96B233}.Debug|Any CPU.Build.0 = Debug|Any CPU
		{ECE84367-573B-4BF2-8A74-35AACA96B233}.Release|Any CPU.ActiveCfg = Release|Any CPU
		{ECE84367-573B-4BF2-8A74-35AACA96B233}.Release|Any CPU.Build.0 = Release|Any CPU
	EndGlobalSection
	GlobalSection(SolutionProperties) = preSolution
		HideSolutionNode = FALSE
	EndGlobalSection
	GlobalSection(ExtensibilityGlobals) = postSolution
		SolutionGuid = {27E36BBD-9D07-4EB0-A9DD-3AF89A0FE587}
	EndGlobalSection
EndGlobal
