
Microsoft Visual Studio Solution File, Format Version 12.00
# Visual Studio Version 17
VisualStudioVersion = 17.7.34031.279
MinimumVisualStudioVersion = 10.0.40219.1
Project("{FAE04EC0-301F-11D3-BF4B-00C04F79EFBC}") = "Oef04_03", "Oef04_03\Oef04_03.csproj", "{5BE3CF83-EF8E-4461-8E75-42D4DF82D100}"
EndProject
Global
	GlobalSection(SolutionConfigurationPlatforms) = preSolution
		Debug|Any CPU = Debug|Any CPU
		Release|Any CPU = Release|Any CPU
	EndGlobalSection
	GlobalSection(ProjectConfigurationPlatforms) = postSolution
		{5BE3CF83-EF8E-4461-8E75-42D4DF82D100}.Debug|Any CPU.ActiveCfg = Debug|Any CPU
		{5BE3CF83-EF8E-4461-8E75-42D4DF82D100}.Debug|Any CPU.Build.0 = Debug|Any CPU
		{5BE3CF83-EF8E-4461-8E75-42D4DF82D100}.Release|Any CPU.ActiveCfg = Release|Any CPU
		{5BE3CF83-EF8E-4461-8E75-42D4DF82D100}.Release|Any CPU.Build.0 = Release|Any CPU
	EndGlobalSection
	GlobalSection(SolutionProperties) = preSolution
		HideSolutionNode = FALSE
	EndGlobalSection
	GlobalSection(ExtensibilityGlobals) = postSolution
		SolutionGuid = {ECDACEEF-8C24-4D40-9AB1-AE03B8BB3E2A}
	EndGlobalSection
EndGlobal
