
Microsoft Visual Studio Solution File, Format Version 12.00
# Visual Studio Version 17
VisualStudioVersion = 17.7.34031.279
MinimumVisualStudioVersion = 10.0.40219.1
Project("{FAE04EC0-301F-11D3-BF4B-00C04F79EFBC}") = "Pokemon", "Pokemon\Pokemon.csproj", "{8C5ADF4E-DD7D-44BC-8C89-D53646D3D58A}"
EndProject
Global
	GlobalSection(SolutionConfigurationPlatforms) = preSolution
		Debug|Any CPU = Debug|Any CPU
		Release|Any CPU = Release|Any CPU
	EndGlobalSection
	GlobalSection(ProjectConfigurationPlatforms) = postSolution
		{8C5ADF4E-DD7D-44BC-8C89-D53646D3D58A}.Debug|Any CPU.ActiveCfg = Debug|Any CPU
		{8C5ADF4E-DD7D-44BC-8C89-D53646D3D58A}.Debug|Any CPU.Build.0 = Debug|Any CPU
		{8C5ADF4E-DD7D-44BC-8C89-D53646D3D58A}.Release|Any CPU.ActiveCfg = Release|Any CPU
		{8C5ADF4E-DD7D-44BC-8C89-D53646D3D58A}.Release|Any CPU.Build.0 = Release|Any CPU
	EndGlobalSection
	GlobalSection(SolutionProperties) = preSolution
		HideSolutionNode = FALSE
	EndGlobalSection
	GlobalSection(ExtensibilityGlobals) = postSolution
		SolutionGuid = {E0749463-C554-4D39-B6C2-FA5793C3F8EF}
	EndGlobalSection
EndGlobal
