
Microsoft Visual Studio Solution File, Format Version 12.00
# Visual Studio Version 17
VisualStudioVersion = 17.7.34031.279
MinimumVisualStudioVersion = 10.0.40219.1
Project("{FAE04EC0-301F-11D3-BF4B-00C04F79EFBC}") = "RandomTest", "RandomTest\RandomTest.csproj", "{F88D470C-2659-40A1-AA47-F9A6C413EA51}"
EndProject
Global
	GlobalSection(SolutionConfigurationPlatforms) = preSolution
		Debug|Any CPU = Debug|Any CPU
		Release|Any CPU = Release|Any CPU
	EndGlobalSection
	GlobalSection(ProjectConfigurationPlatforms) = postSolution
		{F88D470C-2659-40A1-AA47-F9A6C413EA51}.Debug|Any CPU.ActiveCfg = Debug|Any CPU
		{F88D470C-2659-40A1-AA47-F9A6C413EA51}.Debug|Any CPU.Build.0 = Debug|Any CPU
		{F88D470C-2659-40A1-AA47-F9A6C413EA51}.Release|Any CPU.ActiveCfg = Release|Any CPU
		{F88D470C-2659-40A1-AA47-F9A6C413EA51}.Release|Any CPU.Build.0 = Release|Any CPU
	EndGlobalSection
	GlobalSection(SolutionProperties) = preSolution
		HideSolutionNode = FALSE
	EndGlobalSection
	GlobalSection(ExtensibilityGlobals) = postSolution
		SolutionGuid = {F8A3EC6B-C64E-4BB2-B2B8-8D67E917CB31}
	EndGlobalSection
EndGlobal
