
Microsoft Visual Studio Solution File, Format Version 12.00
# Visual Studio Version 17
VisualStudioVersion = 17.7.34031.279
MinimumVisualStudioVersion = 10.0.40219.1
Project("{FAE04EC0-301F-11D3-BF4B-00C04F79EFBC}") = "TL2", "TL2\TL2.csproj", "{420E9C2A-2329-41BE-9B0C-3F1683621E2D}"
EndProject
Global
	GlobalSection(SolutionConfigurationPlatforms) = preSolution
		Debug|Any CPU = Debug|Any CPU
		Release|Any CPU = Release|Any CPU
	EndGlobalSection
	GlobalSection(ProjectConfigurationPlatforms) = postSolution
		{420E9C2A-2329-41BE-9B0C-3F1683621E2D}.Debug|Any CPU.ActiveCfg = Debug|Any CPU
		{420E9C2A-2329-41BE-9B0C-3F1683621E2D}.Debug|Any CPU.Build.0 = Debug|Any CPU
		{420E9C2A-2329-41BE-9B0C-3F1683621E2D}.Release|Any CPU.ActiveCfg = Release|Any CPU
		{420E9C2A-2329-41BE-9B0C-3F1683621E2D}.Release|Any CPU.Build.0 = Release|Any CPU
	EndGlobalSection
	GlobalSection(SolutionProperties) = preSolution
		HideSolutionNode = FALSE
	EndGlobalSection
	GlobalSection(ExtensibilityGlobals) = postSolution
		SolutionGuid = {2C4B726C-522E-42A1-A9DE-B0A31154239E}
	EndGlobalSection
EndGlobal
