
Microsoft Visual Studio Solution File, Format Version 12.00
# Visual Studio Version 17
VisualStudioVersion = 17.0.31903.59
MinimumVisualStudioVersion = 10.0.40219.1
Project("{FAE04EC0-301F-11D3-BF4B-00C04F79EFBC}") = "consoleapp", "consoleapp\consoleapp.csproj", "{BB8AF85C-AA73-4008-A16F-DBCA79CEF759}"
EndProject
Global
	GlobalSection(SolutionConfigurationPlatforms) = preSolution
		Debug|Any CPU = Debug|Any CPU
		Release|Any CPU = Release|Any CPU
	EndGlobalSection
	GlobalSection(SolutionProperties) = preSolution
		HideSolutionNode = FALSE
	EndGlobalSection
	GlobalSection(ProjectConfigurationPlatforms) = postSolution
		{BB8AF85C-AA73-4008-A16F-DBCA79CEF759}.Debug|Any CPU.ActiveCfg = Debug|Any CPU
		{BB8AF85C-AA73-4008-A16F-DBCA79CEF759}.Debug|Any CPU.Build.0 = Debug|Any CPU
		{BB8AF85C-AA73-4008-A16F-DBCA79CEF759}.Release|Any CPU.ActiveCfg = Release|Any CPU
		{BB8AF85C-AA73-4008-A16F-DBCA79CEF759}.Release|Any CPU.Build.0 = Release|Any CPU
		{6439F9D5-DC0D-4576-B353-8347489499DE}.Debug|Any CPU.ActiveCfg = Debug|Any CPU
		{6439F9D5-DC0D-4576-B353-8347489499DE}.Debug|Any CPU.Build.0 = Debug|Any CPU
		{6439F9D5-DC0D-4576-B353-8347489499DE}.Release|Any CPU.ActiveCfg = Release|Any CPU
		{6439F9D5-DC0D-4576-B353-8347489499DE}.Release|Any CPU.Build.0 = Release|Any CPU
	EndGlobalSection
EndGlobal
