
Microsoft Visual Studio Solution File, Format Version 12.00
# Visual Studio Version 17
VisualStudioVersion = 17.7.34031.279
MinimumVisualStudioVersion = 10.0.40219.1
Project("{FAE04EC0-301F-11D3-BF4B-00C04F79EFBC}") = "Oef05_06", "Oef05_06\Oef05_06.csproj", "{2CE0DC00-FCF2-41D9-8F81-4AEE03A970B3}"
EndProject
Global
	GlobalSection(SolutionConfigurationPlatforms) = preSolution
		Debug|Any CPU = Debug|Any CPU
		Release|Any CPU = Release|Any CPU
	EndGlobalSection
	GlobalSection(ProjectConfigurationPlatforms) = postSolution
		{2CE0DC00-FCF2-41D9-8F81-4AEE03A970B3}.Debug|Any CPU.ActiveCfg = Debug|Any CPU
		{2CE0DC00-FCF2-41D9-8F81-4AEE03A970B3}.Debug|Any CPU.Build.0 = Debug|Any CPU
		{2CE0DC00-FCF2-41D9-8F81-4AEE03A970B3}.Release|Any CPU.ActiveCfg = Release|Any CPU
		{2CE0DC00-FCF2-41D9-8F81-4AEE03A970B3}.Release|Any CPU.Build.0 = Release|Any CPU
	EndGlobalSection
	GlobalSection(SolutionProperties) = preSolution
		HideSolutionNode = FALSE
	EndGlobalSection
	GlobalSection(ExtensibilityGlobals) = postSolution
		SolutionGuid = {426AA98E-7B4E-4316-96A0-284FF838EE8D}
	EndGlobalSection
EndGlobal
