
Microsoft Visual Studio Solution File, Format Version 12.00
# Visual Studio Version 17
VisualStudioVersion = 17.7.34031.279
MinimumVisualStudioVersion = 10.0.40219.1
Project("{FAE04EC0-301F-11D3-BF4B-00C04F79EFBC}") = "PokemonTest", "PokemonTest\PokemonTest.csproj", "{44DD75B0-1219-4B93-974C-52090AA2994D}"
EndProject
Global
	GlobalSection(SolutionConfigurationPlatforms) = preSolution
		Debug|Any CPU = Debug|Any CPU
		Release|Any CPU = Release|Any CPU
	EndGlobalSection
	GlobalSection(ProjectConfigurationPlatforms) = postSolution
		{44DD75B0-1219-4B93-974C-52090AA2994D}.Debug|Any CPU.ActiveCfg = Debug|Any CPU
		{44DD75B0-1219-4B93-974C-52090AA2994D}.Debug|Any CPU.Build.0 = Debug|Any CPU
		{44DD75B0-1219-4B93-974C-52090AA2994D}.Release|Any CPU.ActiveCfg = Release|Any CPU
		{44DD75B0-1219-4B93-974C-52090AA2994D}.Release|Any CPU.Build.0 = Release|Any CPU
	EndGlobalSection
	GlobalSection(SolutionProperties) = preSolution
		HideSolutionNode = FALSE
	EndGlobalSection
	GlobalSection(ExtensibilityGlobals) = postSolution
		SolutionGuid = {74F5E184-F40A-409F-A621-EA93CD876026}
	EndGlobalSection
EndGlobal
