
Microsoft Visual Studio Solution File, Format Version 12.00
# Visual Studio Version 17
VisualStudioVersion = 17.0.31903.59
MinimumVisualStudioVersion = 10.0.40219.1
Project("{9A19103F-16F7-4668-BE54-9A1E7A4F7556}") = "consoleapp", "consoleapp\consoleapp.csproj", "{33EBD526-C058-445B-A6ED-073E156E78F5}"
EndProject
Project("{FAE04EC0-301F-11D3-BF4B-00C04F79EFBC}") = "Test", "Test\Test.csproj", "{7AA5C649-4095-4BA3-8C0A-475266A29941}"
EndProject
Global
	GlobalSection(SolutionConfigurationPlatforms) = preSolution
		Debug|Any CPU = Debug|Any CPU
		Release|Any CPU = Release|Any CPU
	EndGlobalSection
	GlobalSection(ProjectConfigurationPlatforms) = postSolution
		{33EBD526-C058-445B-A6ED-073E156E78F5}.Debug|Any CPU.ActiveCfg = Debug|Any CPU
		{33EBD526-C058-445B-A6ED-073E156E78F5}.Debug|Any CPU.Build.0 = Debug|Any CPU
		{33EBD526-C058-445B-A6ED-073E156E78F5}.Release|Any CPU.ActiveCfg = Release|Any CPU
		{33EBD526-C058-445B-A6ED-073E156E78F5}.Release|Any CPU.Build.0 = Release|Any CPU
		{7AA5C649-4095-4BA3-8C0A-475266A29941}.Debug|Any CPU.ActiveCfg = Debug|Any CPU
		{7AA5C649-4095-4BA3-8C0A-475266A29941}.Debug|Any CPU.Build.0 = Debug|Any CPU
		{7AA5C649-4095-4BA3-8C0A-475266A29941}.Release|Any CPU.ActiveCfg = Release|Any CPU
		{7AA5C649-4095-4BA3-8C0A-475266A29941}.Release|Any CPU.Build.0 = Release|Any CPU
	EndGlobalSection
	GlobalSection(SolutionProperties) = preSolution
		HideSolutionNode = FALSE
	EndGlobalSection
	GlobalSection(ExtensibilityGlobals) = postSolution
		SolutionGuid = {DF420F96-F4C1-41D7-B575-269AB6EA300E}
	EndGlobalSection
EndGlobal
