
Microsoft Visual Studio Solution File, Format Version 12.00
# Visual Studio Version 17
VisualStudioVersion = 17.7.34031.279
MinimumVisualStudioVersion = 10.0.40219.1
Project("{FAE04EC0-301F-11D3-BF4B-00C04F79EFBC}") = "Oef10_03", "Oef10_03\Oef10_03.csproj", "{FC772FC8-0FC1-446E-B384-709160BF1404}"
EndProject
Global
	GlobalSection(SolutionConfigurationPlatforms) = preSolution
		Debug|Any CPU = Debug|Any CPU
		Release|Any CPU = Release|Any CPU
	EndGlobalSection
	GlobalSection(ProjectConfigurationPlatforms) = postSolution
		{FC772FC8-0FC1-446E-B384-709160BF1404}.Debug|Any CPU.ActiveCfg = Debug|Any CPU
		{FC772FC8-0FC1-446E-B384-709160BF1404}.Debug|Any CPU.Build.0 = Debug|Any CPU
		{FC772FC8-0FC1-446E-B384-709160BF1404}.Release|Any CPU.ActiveCfg = Release|Any CPU
		{FC772FC8-0FC1-446E-B384-709160BF1404}.Release|Any CPU.Build.0 = Release|Any CPU
	EndGlobalSection
	GlobalSection(SolutionProperties) = preSolution
		HideSolutionNode = FALSE
	EndGlobalSection
	GlobalSection(ExtensibilityGlobals) = postSolution
		SolutionGuid = {73184C2B-B22F-4665-8CDA-F1B521B9B84D}
	EndGlobalSection
EndGlobal
