
Microsoft Visual Studio Solution File, Format Version 12.00
# Visual Studio Version 17
VisualStudioVersion = 17.7.34031.279
MinimumVisualStudioVersion = 10.0.40219.1
Project("{FAE04EC0-301F-11D3-BF4B-00C04F79EFBC}") = "Oef04_05", "Oef04_05\Oef04_05.csproj", "{A15D30F7-CEDA-4527-8579-30230FA989F5}"
EndProject
Global
	GlobalSection(SolutionConfigurationPlatforms) = preSolution
		Debug|Any CPU = Debug|Any CPU
		Release|Any CPU = Release|Any CPU
	EndGlobalSection
	GlobalSection(ProjectConfigurationPlatforms) = postSolution
		{A15D30F7-CEDA-4527-8579-30230FA989F5}.Debug|Any CPU.ActiveCfg = Debug|Any CPU
		{A15D30F7-CEDA-4527-8579-30230FA989F5}.Debug|Any CPU.Build.0 = Debug|Any CPU
		{A15D30F7-CEDA-4527-8579-30230FA989F5}.Release|Any CPU.ActiveCfg = Release|Any CPU
		{A15D30F7-CEDA-4527-8579-30230FA989F5}.Release|Any CPU.Build.0 = Release|Any CPU
	EndGlobalSection
	GlobalSection(SolutionProperties) = preSolution
		HideSolutionNode = FALSE
	EndGlobalSection
	GlobalSection(ExtensibilityGlobals) = postSolution
		SolutionGuid = {F91B6060-0C23-4BF6-ADCE-8D5B3A315DAF}
	EndGlobalSection
EndGlobal
