
Microsoft Visual Studio Solution File, Format Version 12.00
# Visual Studio Version 17
VisualStudioVersion = 17.7.34031.279
MinimumVisualStudioVersion = 10.0.40219.1
Project("{FAE04EC0-301F-11D3-BF4B-00C04F79EFBC}") = "Oef06_01", "Oef06_01\Oef06_01.csproj", "{79BB10C3-96E4-4665-8D4C-550870DFA707}"
EndProject
Global
	GlobalSection(SolutionConfigurationPlatforms) = preSolution
		Debug|Any CPU = Debug|Any CPU
		Release|Any CPU = Release|Any CPU
	EndGlobalSection
	GlobalSection(ProjectConfigurationPlatforms) = postSolution
		{79BB10C3-96E4-4665-8D4C-550870DFA707}.Debug|Any CPU.ActiveCfg = Debug|Any CPU
		{79BB10C3-96E4-4665-8D4C-550870DFA707}.Debug|Any CPU.Build.0 = Debug|Any CPU
		{79BB10C3-96E4-4665-8D4C-550870DFA707}.Release|Any CPU.ActiveCfg = Release|Any CPU
		{79BB10C3-96E4-4665-8D4C-550870DFA707}.Release|Any CPU.Build.0 = Release|Any CPU
	EndGlobalSection
	GlobalSection(SolutionProperties) = preSolution
		HideSolutionNode = FALSE
	EndGlobalSection
	GlobalSection(ExtensibilityGlobals) = postSolution
		SolutionGuid = {0607C5B0-A343-4458-84C0-A178DB57E45E}
	EndGlobalSection
EndGlobal
