
Microsoft Visual Studio Solution File, Format Version 12.00
# Visual Studio Version 17
VisualStudioVersion = 17.7.34031.279
MinimumVisualStudioVersion = 10.0.40219.1
Project("{FAE04EC0-301F-11D3-BF4B-00C04F79EFBC}") = "Oef03_05", "Oef03_05\Oef03_05.csproj", "{867EA7AE-EC8E-4334-895B-538F70A1C969}"
EndProject
Global
	GlobalSection(SolutionConfigurationPlatforms) = preSolution
		Debug|Any CPU = Debug|Any CPU
		Release|Any CPU = Release|Any CPU
	EndGlobalSection
	GlobalSection(ProjectConfigurationPlatforms) = postSolution
		{867EA7AE-EC8E-4334-895B-538F70A1C969}.Debug|Any CPU.ActiveCfg = Debug|Any CPU
		{867EA7AE-EC8E-4334-895B-538F70A1C969}.Debug|Any CPU.Build.0 = Debug|Any CPU
		{867EA7AE-EC8E-4334-895B-538F70A1C969}.Release|Any CPU.ActiveCfg = Release|Any CPU
		{867EA7AE-EC8E-4334-895B-538F70A1C969}.Release|Any CPU.Build.0 = Release|Any CPU
	EndGlobalSection
	GlobalSection(SolutionProperties) = preSolution
		HideSolutionNode = FALSE
	EndGlobalSection
	GlobalSection(ExtensibilityGlobals) = postSolution
		SolutionGuid = {558AD383-6AAF-4385-BFB7-27DAFC1E8635}
	EndGlobalSection
EndGlobal
