
Microsoft Visual Studio Solution File, Format Version 12.00
# Visual Studio Version 17
VisualStudioVersion = 17.7.34031.279
MinimumVisualStudioVersion = 10.0.40219.1
Project("{FAE04EC0-301F-11D3-BF4B-00C04F79EFBC}") = "Oef03_01", "Oef03_01\Oef03_01.csproj", "{F531DFEF-7D95-4B47-A496-6703922DE8D5}"
EndProject
Global
	GlobalSection(SolutionConfigurationPlatforms) = preSolution
		Debug|Any CPU = Debug|Any CPU
		Release|Any CPU = Release|Any CPU
	EndGlobalSection
	GlobalSection(ProjectConfigurationPlatforms) = postSolution
		{F531DFEF-7D95-4B47-A496-6703922DE8D5}.Debug|Any CPU.ActiveCfg = Debug|Any CPU
		{F531DFEF-7D95-4B47-A496-6703922DE8D5}.Debug|Any CPU.Build.0 = Debug|Any CPU
		{F531DFEF-7D95-4B47-A496-6703922DE8D5}.Release|Any CPU.ActiveCfg = Release|Any CPU
		{F531DFEF-7D95-4B47-A496-6703922DE8D5}.Release|Any CPU.Build.0 = Release|Any CPU
	EndGlobalSection
	GlobalSection(SolutionProperties) = preSolution
		HideSolutionNode = FALSE
	EndGlobalSection
	GlobalSection(ExtensibilityGlobals) = postSolution
		SolutionGuid = {947BFB93-73CB-4FDA-B3F4-2087AA01BC1D}
	EndGlobalSection
EndGlobal
