
Microsoft Visual Studio Solution File, Format Version 12.00
# Visual Studio Version 17
VisualStudioVersion = 17.7.34031.279
MinimumVisualStudioVersion = 10.0.40219.1
Project("{FAE04EC0-301F-11D3-BF4B-00C04F79EFBC}") = "Oef05_04", "Oef05_04\Oef05_04.csproj", "{62E3B7DC-CC24-414B-B680-DF5201BE6267}"
EndProject
Global
	GlobalSection(SolutionConfigurationPlatforms) = preSolution
		Debug|Any CPU = Debug|Any CPU
		Release|Any CPU = Release|Any CPU
	EndGlobalSection
	GlobalSection(ProjectConfigurationPlatforms) = postSolution
		{62E3B7DC-CC24-414B-B680-DF5201BE6267}.Debug|Any CPU.ActiveCfg = Debug|Any CPU
		{62E3B7DC-CC24-414B-B680-DF5201BE6267}.Debug|Any CPU.Build.0 = Debug|Any CPU
		{62E3B7DC-CC24-414B-B680-DF5201BE6267}.Release|Any CPU.ActiveCfg = Release|Any CPU
		{62E3B7DC-CC24-414B-B680-DF5201BE6267}.Release|Any CPU.Build.0 = Release|Any CPU
	EndGlobalSection
	GlobalSection(SolutionProperties) = preSolution
		HideSolutionNode = FALSE
	EndGlobalSection
	GlobalSection(ExtensibilityGlobals) = postSolution
		SolutionGuid = {B2ECDB85-B8F9-4653-8E8E-882B0DF9B3DE}
	EndGlobalSection
EndGlobal
