
Microsoft Visual Studio Solution File, Format Version 12.00
# Visual Studio Version 17
VisualStudioVersion = 17.7.34031.279
MinimumVisualStudioVersion = 10.0.40219.1
Project("{FAE04EC0-301F-11D3-BF4B-00C04F79EFBC}") = "Oef08_03", "Oef08_03\Oef08_03.csproj", "{849E411E-AC62-47BB-A05B-39A8E53588E7}"
EndProject
Global
	GlobalSection(SolutionConfigurationPlatforms) = preSolution
		Debug|Any CPU = Debug|Any CPU
		Release|Any CPU = Release|Any CPU
	EndGlobalSection
	GlobalSection(ProjectConfigurationPlatforms) = postSolution
		{849E411E-AC62-47BB-A05B-39A8E53588E7}.Debug|Any CPU.ActiveCfg = Debug|Any CPU
		{849E411E-AC62-47BB-A05B-39A8E53588E7}.Debug|Any CPU.Build.0 = Debug|Any CPU
		{849E411E-AC62-47BB-A05B-39A8E53588E7}.Release|Any CPU.ActiveCfg = Release|Any CPU
		{849E411E-AC62-47BB-A05B-39A8E53588E7}.Release|Any CPU.Build.0 = Release|Any CPU
	EndGlobalSection
	GlobalSection(SolutionProperties) = preSolution
		HideSolutionNode = FALSE
	EndGlobalSection
	GlobalSection(ExtensibilityGlobals) = postSolution
		SolutionGuid = {D038169E-D96A-4FB5-9D6A-67E5C11132D3}
	EndGlobalSection
EndGlobal
