
Microsoft Visual Studio Solution File, Format Version 12.00
# Visual Studio Version 17
VisualStudioVersion = 17.7.34031.279
MinimumVisualStudioVersion = 10.0.40219.1
Project("{FAE04EC0-301F-11D3-BF4B-00C04F79EFBC}") = "TL8", "TL8\TL8.csproj", "{B8BB4C91-6BA3-4B43-85E9-06E180ED3A42}"
EndProject
Global
	GlobalSection(SolutionConfigurationPlatforms) = preSolution
		Debug|Any CPU = Debug|Any CPU
		Release|Any CPU = Release|Any CPU
	EndGlobalSection
	GlobalSection(ProjectConfigurationPlatforms) = postSolution
		{B8BB4C91-6BA3-4B43-85E9-06E180ED3A42}.Debug|Any CPU.ActiveCfg = Debug|Any CPU
		{B8BB4C91-6BA3-4B43-85E9-06E180ED3A42}.Debug|Any CPU.Build.0 = Debug|Any CPU
		{B8BB4C91-6BA3-4B43-85E9-06E180ED3A42}.Release|Any CPU.ActiveCfg = Release|Any CPU
		{B8BB4C91-6BA3-4B43-85E9-06E180ED3A42}.Release|Any CPU.Build.0 = Release|Any CPU
	EndGlobalSection
	GlobalSection(SolutionProperties) = preSolution
		HideSolutionNode = FALSE
	EndGlobalSection
	GlobalSection(ExtensibilityGlobals) = postSolution
		SolutionGuid = {438086B6-F203-43C8-B85B-69AD5A3848B1}
	EndGlobalSection
EndGlobal
